// !$*UTF8*$!
{
	archiveVersion = 1;
	classes = {
	};
	objectVersion = 46;
	objects = {

/* Begin PBXBuildFile section */
		630285F21AA1075A001495E2 /* main.m in Sources */ = {isa = PBXBuildFile; fileRef = 630285F11AA1075A001495E2 /* main.m */; };
		630285F51AA1075A001495E2 /* AppDelegate.m in Sources */ = {isa = PBXBuildFile; fileRef = 630285F41AA1075A001495E2 /* AppDelegate.m */; };
		630285FB1AA1075A001495E2 /* Main.storyboard in Resources */ = {isa = PBXBuildFile; fileRef = 630285F91AA1075A001495E2 /* Main.storyboard */; };
		630285FD1AA1075A001495E2 /* Images.xcassets in Resources */ = {isa = PBXBuildFile; fileRef = 630285FC1AA1075A001495E2 /* Images.xcassets */; };
		630286001AA1075A001495E2 /* LaunchScreen.xib in Resources */ = {isa = PBXBuildFile; fileRef = 630285FE1AA1075A001495E2 /* LaunchScreen.xib */; };
		6302860C1AA1075A001495E2 /* TestShopTests.m in Sources */ = {isa = PBXBuildFile; fileRef = 6302860B1AA1075A001495E2 /* TestShopTests.m */; };
		6302861B1AA1077E001495E2 /* Item.m in Sources */ = {isa = PBXBuildFile; fileRef = 630286161AA1077E001495E2 /* Item.m */; };
		6302861C1AA1077E001495E2 /* ItemCell.m in Sources */ = {isa = PBXBuildFile; fileRef = 630286181AA1077E001495E2 /* ItemCell.m */; };
		6302861D1AA1077E001495E2 /* Cart.m in Sources */ = {isa = PBXBuildFile; fileRef = 6302861A1AA1077E001495E2 /* Cart.m */; };
		630286201AA1078D001495E2 /* ShopViewController.m in Sources */ = {isa = PBXBuildFile; fileRef = 6302861F1AA1078D001495E2 /* ShopViewController.m */; };
		630286251AA10928001495E2 /* ItemCell.xib in Resources */ = {isa = PBXBuildFile; fileRef = 630286241AA10928001495E2 /* ItemCell.xib */; };
		630286281AA10D2C001495E2 /* DetailViewController.m in Sources */ = {isa = PBXBuildFile; fileRef = 630286271AA10D2C001495E2 /* DetailViewController.m */; };
		6302862F1AA12203001495E2 /* Shop.m in Sources */ = {isa = PBXBuildFile; fileRef = 6302862E1AA12203001495E2 /* Shop.m */; };
		630286351AA12D7A001495E2 /* CartViewController.m in Sources */ = {isa = PBXBuildFile; fileRef = 630286341AA12D7A001495E2 /* CartViewController.m */; };
		630286391AA12E57001495E2 /* CartCell.m in Sources */ = {isa = PBXBuildFile; fileRef = 630286371AA12E57001495E2 /* CartCell.m */; };
		6302863A1AA12E57001495E2 /* CartCell.xib in Resources */ = {isa = PBXBuildFile; fileRef = 630286381AA12E57001495E2 /* CartCell.xib */; };
		6302863D1AA15317001495E2 /* ThankYouViewController.m in Sources */ = {isa = PBXBuildFile; fileRef = 6302863C1AA15317001495E2 /* ThankYouViewController.m */; };
		632CE33A1AB0CF5100668F12 /* GTM-NJNM8T in Resources */ = {isa = PBXBuildFile; fileRef = 632CE3391AB0CF5100668F12 /* GTM-NJNM8T */; };
		632CE3431AB0DBC400668F12 /* AnalyticsEngine.framework in Frameworks */ = {isa = PBXBuildFile; fileRef = 632CE3421AB0DBC400668F12 /* AnalyticsEngine.framework */; };
		63C1C4AA1AA28D9500CDCD3F /* CheckoutViewController.m in Sources */ = {isa = PBXBuildFile; fileRef = 63C1C4A91AA28D9500CDCD3F /* CheckoutViewController.m */; };
/* End PBXBuildFile section */

/* Begin PBXContainerItemProxy section */
		630286061AA1075A001495E2 /* PBXContainerItemProxy */ = {
			isa = PBXContainerItemProxy;
			containerPortal = 630285E41AA1075A001495E2 /* Project object */;
			proxyType = 1;
			remoteGlobalIDString = 630285EB1AA1075A001495E2;
			remoteInfo = TestShop;
		};
/* End PBXContainerItemProxy section */

/* Begin PBXFileReference section */
		630285EC1AA1075A001495E2 /* TestShop.app */ = {isa = PBXFileReference; explicitFileType = wrapper.application; includeInIndex = 0; path = TestShop.app; sourceTree = BUILT_PRODUCTS_DIR; };
		630285F01AA1075A001495E2 /* Info.plist */ = {isa = PBXFileReference; lastKnownFileType = text.plist.xml; path = Info.plist; sourceTree = "<group>"; };
		630285F11AA1075A001495E2 /* main.m */ = {isa = PBXFileReference; lastKnownFileType = sourcecode.c.objc; path = main.m; sourceTree = "<group>"; };
		630285F31AA1075A001495E2 /* AppDelegate.h */ = {isa = PBXFileReference; lastKnownFileType = sourcecode.c.h; path = AppDelegate.h; sourceTree = "<group>"; };
		630285F41AA1075A001495E2 /* AppDelegate.m */ = {isa = PBXFileReference; lastKnownFileType = sourcecode.c.objc; path = AppDelegate.m; sourceTree = "<group>"; };
		630285FA1AA1075A001495E2 /* Base */ = {isa = PBXFileReference; lastKnownFileType = file.storyboard; name = Base; path = Base.lproj/Main.storyboard; sourceTree = "<group>"; };
		630285FC1AA1075A001495E2 /* Images.xcassets */ = {isa = PBXFileReference; lastKnownFileType = folder.assetcatalog; path = Images.xcassets; sourceTree = "<group>"; };
		630285FF1AA1075A001495E2 /* Base */ = {isa = PBXFileReference; lastKnownFileType = file.xib; name = Base; path = Base.lproj/LaunchScreen.xib; sourceTree = "<group>"; };
		630286051AA1075A001495E2 /* TestShopTests.xctest */ = {isa = PBXFileReference; explicitFileType = wrapper.cfbundle; includeInIndex = 0; path = TestShopTests.xctest; sourceTree = BUILT_PRODUCTS_DIR; };
		6302860A1AA1075A001495E2 /* Info.plist */ = {isa = PBXFileReference; lastKnownFileType = text.plist.xml; path = Info.plist; sourceTree = "<group>"; };
		6302860B1AA1075A001495E2 /* TestShopTests.m */ = {isa = PBXFileReference; lastKnownFileType = sourcecode.c.objc; path = TestShopTests.m; sourceTree = "<group>"; };
		630286151AA1077E001495E2 /* Item.h */ = {isa = PBXFileReference; fileEncoding = 4; lastKnownFileType = sourcecode.c.h; path = Item.h; sourceTree = "<group>"; };
		630286161AA1077E001495E2 /* Item.m */ = {isa = PBXFileReference; fileEncoding = 4; lastKnownFileType = sourcecode.c.objc; path = Item.m; sourceTree = "<group>"; };
		630286171AA1077E001495E2 /* ItemCell.h */ = {isa = PBXFileReference; fileEncoding = 4; lastKnownFileType = sourcecode.c.h; path = ItemCell.h; sourceTree = "<group>"; };
		630286181AA1077E001495E2 /* ItemCell.m */ = {isa = PBXFileReference; fileEncoding = 4; lastKnownFileType = sourcecode.c.objc; path = ItemCell.m; sourceTree = "<group>"; };
		630286191AA1077E001495E2 /* Cart.h */ = {isa = PBXFileReference; fileEncoding = 4; lastKnownFileType = sourcecode.c.h; path = Cart.h; sourceTree = "<group>"; };
		6302861A1AA1077E001495E2 /* Cart.m */ = {isa = PBXFileReference; fileEncoding = 4; lastKnownFileType = sourcecode.c.objc; path = Cart.m; sourceTree = "<group>"; };
		6302861E1AA1078D001495E2 /* ShopViewController.h */ = {isa = PBXFileReference; fileEncoding = 4; lastKnownFileType = sourcecode.c.h; path = ShopViewController.h; sourceTree = "<group>"; };
		6302861F1AA1078D001495E2 /* ShopViewController.m */ = {isa = PBXFileReference; fileEncoding = 4; lastKnownFileType = sourcecode.c.objc; path = ShopViewController.m; sourceTree = "<group>"; };
		630286241AA10928001495E2 /* ItemCell.xib */ = {isa = PBXFileReference; fileEncoding = 4; lastKnownFileType = file.xib; path = ItemCell.xib; sourceTree = "<group>"; };
		630286261AA10D2C001495E2 /* DetailViewController.h */ = {isa = PBXFileReference; fileEncoding = 4; lastKnownFileType = sourcecode.c.h; path = DetailViewController.h; sourceTree = "<group>"; };
		630286271AA10D2C001495E2 /* DetailViewController.m */ = {isa = PBXFileReference; fileEncoding = 4; lastKnownFileType = sourcecode.c.objc; path = DetailViewController.m; sourceTree = "<group>"; };
		6302862D1AA12203001495E2 /* Shop.h */ = {isa = PBXFileReference; fileEncoding = 4; lastKnownFileType = sourcecode.c.h; path = Shop.h; sourceTree = "<group>"; };
		6302862E1AA12203001495E2 /* Shop.m */ = {isa = PBXFileReference; fileEncoding = 4; lastKnownFileType = sourcecode.c.objc; path = Shop.m; sourceTree = "<group>"; };
		630286331AA12D7A001495E2 /* CartViewController.h */ = {isa = PBXFileReference; fileEncoding = 4; lastKnownFileType = sourcecode.c.h; path = CartViewController.h; sourceTree = "<group>"; };
		630286341AA12D7A001495E2 /* CartViewController.m */ = {isa = PBXFileReference; fileEncoding = 4; lastKnownFileType = sourcecode.c.objc; path = CartViewController.m; sourceTree = "<group>"; };
		630286361AA12E57001495E2 /* CartCell.h */ = {isa = PBXFileReference; fileEncoding = 4; lastKnownFileType = sourcecode.c.h; path = CartCell.h; sourceTree = "<group>"; };
		630286371AA12E57001495E2 /* CartCell.m */ = {isa = PBXFileReference; fileEncoding = 4; lastKnownFileType = sourcecode.c.objc; path = CartCell.m; sourceTree = "<group>"; };
		630286381AA12E57001495E2 /* CartCell.xib */ = {isa = PBXFileReference; fileEncoding = 4; lastKnownFileType = file.xib; path = CartCell.xib; sourceTree = "<group>"; };
		6302863B1AA15317001495E2 /* ThankYouViewController.h */ = {isa = PBXFileReference; fileEncoding = 4; lastKnownFileType = sourcecode.c.h; path = ThankYouViewController.h; sourceTree = "<group>"; };
		6302863C1AA15317001495E2 /* ThankYouViewController.m */ = {isa = PBXFileReference; fileEncoding = 4; lastKnownFileType = sourcecode.c.objc; path = ThankYouViewController.m; sourceTree = "<group>"; };
		632CE3391AB0CF5100668F12 /* GTM-NJNM8T */ = {isa = PBXFileReference; lastKnownFileType = file; name = "GTM-NJNM8T"; path = "../../../../Downloads/GTM-NJNM8T"; sourceTree = "<group>"; };
		632CE3421AB0DBC400668F12 /* AnalyticsEngine.framework */ = {isa = PBXFileReference; lastKnownFileType = wrapper.framework; path = AnalyticsEngine.framework; sourceTree = "<group>"; };
		63C1C4A81AA28D9500CDCD3F /* CheckoutViewController.h */ = {isa = PBXFileReference; fileEncoding = 4; lastKnownFileType = sourcecode.c.h; path = CheckoutViewController.h; sourceTree = "<group>"; };
		63C1C4A91AA28D9500CDCD3F /* CheckoutViewController.m */ = {isa = PBXFileReference; fileEncoding = 4; lastKnownFileType = sourcecode.c.objc; path = CheckoutViewController.m; sourceTree = "<group>"; };
/* End PBXFileReference section */

/* Begin PBXFrameworksBuildPhase section */
		630285E91AA1075A001495E2 /* Frameworks */ = {
			isa = PBXFrameworksBuildPhase;
			buildActionMask = 2147483647;
			files = (
				632CE3431AB0DBC400668F12 /* AnalyticsEngine.framework in Frameworks */,
			);
			runOnlyForDeploymentPostprocessing = 0;
		};
		630286021AA1075A001495E2 /* Frameworks */ = {
			isa = PBXFrameworksBuildPhase;
			buildActionMask = 2147483647;
			files = (
			);
			runOnlyForDeploymentPostprocessing = 0;
		};
/* End PBXFrameworksBuildPhase section */

/* Begin PBXGroup section */
		630285E31AA1075A001495E2 = {
			isa = PBXGroup;
			children = (
				630285EE1AA1075A001495E2 /* TestShop */,
				630286081AA1075A001495E2 /* TestShopTests */,
				630285ED1AA1075A001495E2 /* Products */,
			);
			sourceTree = "<group>";
		};
		630285ED1AA1075A001495E2 /* Products */ = {
			isa = PBXGroup;
			children = (
				630285EC1AA1075A001495E2 /* TestShop.app */,
				630286051AA1075A001495E2 /* TestShopTests.xctest */,
			);
			name = Products;
			sourceTree = "<group>";
		};
		630285EE1AA1075A001495E2 /* TestShop */ = {
			isa = PBXGroup;
			children = (
				630285F31AA1075A001495E2 /* AppDelegate.h */,
				630285F41AA1075A001495E2 /* AppDelegate.m */,
				630286211AA108BB001495E2 /* Model */,
				630286221AA108C1001495E2 /* View Controller */,
				630286231AA108CB001495E2 /* View */,
				630285FC1AA1075A001495E2 /* Images.xcassets */,
				630285EF1AA1075A001495E2 /* Supporting Files */,
			);
			path = TestShop;
			sourceTree = "<group>";
		};
		630285EF1AA1075A001495E2 /* Supporting Files */ = {
			isa = PBXGroup;
			children = (
				632CE3421AB0DBC400668F12 /* AnalyticsEngine.framework */,
				632CE3391AB0CF5100668F12 /* GTM-NJNM8T */,
				630285F01AA1075A001495E2 /* Info.plist */,
				630285F11AA1075A001495E2 /* main.m */,
			);
			name = "Supporting Files";
			sourceTree = "<group>";
		};
		630286081AA1075A001495E2 /* TestShopTests */ = {
			isa = PBXGroup;
			children = (
				6302860B1AA1075A001495E2 /* TestShopTests.m */,
				630286091AA1075A001495E2 /* Supporting Files */,
			);
			path = TestShopTests;
			sourceTree = "<group>";
		};
		630286091AA1075A001495E2 /* Supporting Files */ = {
			isa = PBXGroup;
			children = (
				6302860A1AA1075A001495E2 /* Info.plist */,
			);
			name = "Supporting Files";
			sourceTree = "<group>";
		};
		630286211AA108BB001495E2 /* Model */ = {
			isa = PBXGroup;
			children = (
				630286151AA1077E001495E2 /* Item.h */,
				630286161AA1077E001495E2 /* Item.m */,
				630286171AA1077E001495E2 /* ItemCell.h */,
				630286181AA1077E001495E2 /* ItemCell.m */,
				630286191AA1077E001495E2 /* Cart.h */,
				6302861A1AA1077E001495E2 /* Cart.m */,
				6302862D1AA12203001495E2 /* Shop.h */,
				6302862E1AA12203001495E2 /* Shop.m */,
				630286361AA12E57001495E2 /* CartCell.h */,
				630286371AA12E57001495E2 /* CartCell.m */,
			);
			name = Model;
			sourceTree = "<group>";
		};
		630286221AA108C1001495E2 /* View Controller */ = {
			isa = PBXGroup;
			children = (
				6302861E1AA1078D001495E2 /* ShopViewController.h */,
				6302861F1AA1078D001495E2 /* ShopViewController.m */,
				630286261AA10D2C001495E2 /* DetailViewController.h */,
				630286271AA10D2C001495E2 /* DetailViewController.m */,
				630286331AA12D7A001495E2 /* CartViewController.h */,
				630286341AA12D7A001495E2 /* CartViewController.m */,
				63C1C4A81AA28D9500CDCD3F /* CheckoutViewController.h */,
				63C1C4A91AA28D9500CDCD3F /* CheckoutViewController.m */,
				6302863B1AA15317001495E2 /* ThankYouViewController.h */,
				6302863C1AA15317001495E2 /* ThankYouViewController.m */,
			);
			name = "View Controller";
			sourceTree = "<group>";
		};
		630286231AA108CB001495E2 /* View */ = {
			isa = PBXGroup;
			children = (
				630286381AA12E57001495E2 /* CartCell.xib */,
				630286241AA10928001495E2 /* ItemCell.xib */,
				630285FE1AA1075A001495E2 /* LaunchScreen.xib */,
				630285F91AA1075A001495E2 /* Main.storyboard */,
			);
			name = View;
			sourceTree = "<group>";
		};
/* End PBXGroup section */

/* Begin PBXNativeTarget section */
		630285EB1AA1075A001495E2 /* TestShop */ = {
			isa = PBXNativeTarget;
			buildConfigurationList = 6302860F1AA1075A001495E2 /* Build configuration list for PBXNativeTarget "TestShop" */;
			buildPhases = (
				630285E81AA1075A001495E2 /* Sources */,
				630285E91AA1075A001495E2 /* Frameworks */,
				630285EA1AA1075A001495E2 /* Resources */,
			);
			buildRules = (
			);
			dependencies = (
			);
			name = TestShop;
			productName = TestShop;
			productReference = 630285EC1AA1075A001495E2 /* TestShop.app */;
			productType = "com.apple.product-type.application";
		};
		630286041AA1075A001495E2 /* TestShopTests */ = {
			isa = PBXNativeTarget;
			buildConfigurationList = 630286121AA1075A001495E2 /* Build configuration list for PBXNativeTarget "TestShopTests" */;
			buildPhases = (
				630286011AA1075A001495E2 /* Sources */,
				630286021AA1075A001495E2 /* Frameworks */,
				630286031AA1075A001495E2 /* Resources */,
			);
			buildRules = (
			);
			dependencies = (
				630286071AA1075A001495E2 /* PBXTargetDependency */,
			);
			name = TestShopTests;
			productName = TestShopTests;
			productReference = 630286051AA1075A001495E2 /* TestShopTests.xctest */;
			productType = "com.apple.product-type.bundle.unit-test";
		};
/* End PBXNativeTarget section */

/* Begin PBXProject section */
		630285E41AA1075A001495E2 /* Project object */ = {
			isa = PBXProject;
			attributes = {
				LastUpgradeCheck = 0610;
				ORGANIZATIONNAME = "Analytics Pros";
				TargetAttributes = {
					630285EB1AA1075A001495E2 = {
						CreatedOnToolsVersion = 6.1.1;
					};
					630286041AA1075A001495E2 = {
						CreatedOnToolsVersion = 6.1.1;
						TestTargetID = 630285EB1AA1075A001495E2;
					};
				};
			};
			buildConfigurationList = 630285E71AA1075A001495E2 /* Build configuration list for PBXProject "TestShop" */;
			compatibilityVersion = "Xcode 3.2";
			developmentRegion = English;
			hasScannedForEncodings = 0;
			knownRegions = (
				en,
				Base,
			);
			mainGroup = 630285E31AA1075A001495E2;
			productRefGroup = 630285ED1AA1075A001495E2 /* Products */;
			projectDirPath = "";
			projectRoot = "";
			targets = (
				630285EB1AA1075A001495E2 /* TestShop */,
				630286041AA1075A001495E2 /* TestShopTests */,
			);
		};
/* End PBXProject section */

/* Begin PBXResourcesBuildPhase section */
		630285EA1AA1075A001495E2 /* Resources */ = {
			isa = PBXResourcesBuildPhase;
			buildActionMask = 2147483647;
			files = (
				630286251AA10928001495E2 /* ItemCell.xib in Resources */,
				6302863A1AA12E57001495E2 /* CartCell.xib in Resources */,
				630285FB1AA1075A001495E2 /* Main.storyboard in Resources */,
				632CE33A1AB0CF5100668F12 /* GTM-NJNM8T in Resources */,
				630286001AA1075A001495E2 /* LaunchScreen.xib in Resources */,
				630285FD1AA1075A001495E2 /* Images.xcassets in Resources */,
			);
			runOnlyForDeploymentPostprocessing = 0;
		};
		630286031AA1075A001495E2 /* Resources */ = {
			isa = PBXResourcesBuildPhase;
			buildActionMask = 2147483647;
			files = (
			);
			runOnlyForDeploymentPostprocessing = 0;
		};
/* End PBXResourcesBuildPhase section */

/* Begin PBXSourcesBuildPhase section */
		630285E81AA1075A001495E2 /* Sources */ = {
			isa = PBXSourcesBuildPhase;
			buildActionMask = 2147483647;
			files = (
				6302861C1AA1077E001495E2 /* ItemCell.m in Sources */,
				6302862F1AA12203001495E2 /* Shop.m in Sources */,
				6302863D1AA15317001495E2 /* ThankYouViewController.m in Sources */,
				630286351AA12D7A001495E2 /* CartViewController.m in Sources */,
				6302861D1AA1077E001495E2 /* Cart.m in Sources */,
				6302861B1AA1077E001495E2 /* Item.m in Sources */,
				630285F51AA1075A001495E2 /* AppDelegate.m in Sources */,
				630285F21AA1075A001495E2 /* main.m in Sources */,
				63C1C4AA1AA28D9500CDCD3F /* CheckoutViewController.m in Sources */,
				630286391AA12E57001495E2 /* CartCell.m in Sources */,
				630286201AA1078D001495E2 /* ShopViewController.m in Sources */,
				630286281AA10D2C001495E2 /* DetailViewController.m in Sources */,
			);
			runOnlyForDeploymentPostprocessing = 0;
		};
		630286011AA1075A001495E2 /* Sources */ = {
			isa = PBXSourcesBuildPhase;
			buildActionMask = 2147483647;
			files = (
				6302860C1AA1075A001495E2 /* TestShopTests.m in Sources */,
			);
			runOnlyForDeploymentPostprocessing = 0;
		};
/* End PBXSourcesBuildPhase section */

/* Begin PBXTargetDependency section */
		630286071AA1075A001495E2 /* PBXTargetDependency */ = {
			isa = PBXTargetDependency;
			target = 630285EB1AA1075A001495E2 /* TestShop */;
			targetProxy = 630286061AA1075A001495E2 /* PBXContainerItemProxy */;
		};
/* End PBXTargetDependency section */

/* Begin PBXVariantGroup section */
		630285F91AA1075A001495E2 /* Main.storyboard */ = {
			isa = PBXVariantGroup;
			children = (
				630285FA1AA1075A001495E2 /* Base */,
			);
			name = Main.storyboard;
			sourceTree = "<group>";
		};
		630285FE1AA1075A001495E2 /* LaunchScreen.xib */ = {
			isa = PBXVariantGroup;
			children = (
				630285FF1AA1075A001495E2 /* Base */,
			);
			name = LaunchScreen.xib;
			sourceTree = "<group>";
		};
/* End PBXVariantGroup section */

/* Begin XCBuildConfiguration section */
		6302860D1AA1075A001495E2 /* Debug */ = {
			isa = XCBuildConfiguration;
			buildSettings = {
				ALWAYS_SEARCH_USER_PATHS = NO;
				CLANG_CXX_LANGUAGE_STANDARD = "gnu++0x";
				CLANG_CXX_LIBRARY = "libc++";
				CLANG_ENABLE_MODULES = YES;
				CLANG_ENABLE_OBJC_ARC = YES;
				CLANG_WARN_BOOL_CONVERSION = YES;
				CLANG_WARN_CONSTANT_CONVERSION = YES;
				CLANG_WARN_DIRECT_OBJC_ISA_USAGE = YES_ERROR;
				CLANG_WARN_EMPTY_BODY = YES;
				CLANG_WARN_ENUM_CONVERSION = YES;
				CLANG_WARN_INT_CONVERSION = YES;
				CLANG_WARN_OBJC_ROOT_CLASS = YES_ERROR;
				CLANG_WARN_UNREACHABLE_CODE = YES;
				CLANG_WARN__DUPLICATE_METHOD_MATCH = YES;
				"CODE_SIGN_IDENTITY[sdk=iphoneos*]" = "iPhone Developer";
				COPY_PHASE_STRIP = NO;
				ENABLE_STRICT_OBJC_MSGSEND = YES;
				GCC_C_LANGUAGE_STANDARD = gnu99;
				GCC_DYNAMIC_NO_PIC = NO;
				GCC_OPTIMIZATION_LEVEL = 0;
				GCC_PREPROCESSOR_DEFINITIONS = (
					"DEBUG=1",
					"$(inherited)",
				);
				GCC_SYMBOLS_PRIVATE_EXTERN = NO;
				GCC_WARN_64_TO_32_BIT_CONVERSION = YES;
				GCC_WARN_ABOUT_RETURN_TYPE = YES_ERROR;
				GCC_WARN_UNDECLARED_SELECTOR = YES;
				GCC_WARN_UNINITIALIZED_AUTOS = YES_AGGRESSIVE;
				GCC_WARN_UNUSED_FUNCTION = YES;
				GCC_WARN_UNUSED_VARIABLE = YES;
				IPHONEOS_DEPLOYMENT_TARGET = 8.1;
				MTL_ENABLE_DEBUG_INFO = YES;
				ONLY_ACTIVE_ARCH = YES;
				SDKROOT = iphoneos;
				TARGETED_DEVICE_FAMILY = "1,2";
			};
			name = Debug;
		};
		6302860E1AA1075A001495E2 /* Release */ = {
			isa = XCBuildConfiguration;
			buildSettings = {
				ALWAYS_SEARCH_USER_PATHS = NO;
				CLANG_CXX_LANGUAGE_STANDARD = "gnu++0x";
				CLANG_CXX_LIBRARY = "libc++";
				CLANG_ENABLE_MODULES = YES;
				CLANG_ENABLE_OBJC_ARC = YES;
				CLANG_WARN_BOOL_CONVERSION = YES;
				CLANG_WARN_CONSTANT_CONVERSION = YES;
				CLANG_WARN_DIRECT_OBJC_ISA_USAGE = YES_ERROR;
				CLANG_WARN_EMPTY_BODY = YES;
				CLANG_WARN_ENUM_CONVERSION = YES;
				CLANG_WARN_INT_CONVERSION = YES;
				CLANG_WARN_OBJC_ROOT_CLASS = YES_ERROR;
				CLANG_WARN_UNREACHABLE_CODE = YES;
				CLANG_WARN__DUPLICATE_METHOD_MATCH = YES;
				"CODE_SIGN_IDENTITY[sdk=iphoneos*]" = "iPhone Developer";
				COPY_PHASE_STRIP = YES;
				ENABLE_NS_ASSERTIONS = NO;
				ENABLE_STRICT_OBJC_MSGSEND = YES;
				GCC_C_LANGUAGE_STANDARD = gnu99;
				GCC_WARN_64_TO_32_BIT_CONVERSION = YES;
				GCC_WARN_ABOUT_RETURN_TYPE = YES_ERROR;
				GCC_WARN_UNDECLARED_SELECTOR = YES;
				GCC_WARN_UNINITIALIZED_AUTOS = YES_AGGRESSIVE;
				GCC_WARN_UNUSED_FUNCTION = YES;
				GCC_WARN_UNUSED_VARIABLE = YES;
				IPHONEOS_DEPLOYMENT_TARGET = 8.1;
				MTL_ENABLE_DEBUG_INFO = NO;
				SDKROOT = iphoneos;
				TARGETED_DEVICE_FAMILY = "1,2";
				VALIDATE_PRODUCT = YES;
			};
			name = Release;
		};
		630286101AA1075A001495E2 /* Debug */ = {
			isa = XCBuildConfiguration;
			buildSettings = {
				ASSETCATALOG_COMPILER_APPICON_NAME = AppIcon;
				FRAMEWORK_SEARCH_PATHS = (
					"$(SRCROOT)",
					/Users/vincentlee/Desktop,
					"$(PROJECT_DIR)/TestShop",
				);
				INFOPLIST_FILE = TestShop/Info.plist;
				LD_RUNPATH_SEARCH_PATHS = "$(inherited) @executable_path/Frameworks";
				LIBRARY_SEARCH_PATHS = (
					"$(inherited)",
					/Users/vincentlee/Downloads/GoogleAnalyticsServicesiOS_3.10,
					"$(PROJECT_DIR)/TestShop",
				);
				PRODUCT_NAME = "$(TARGET_NAME)";
			};
			name = Debug;
		};
		630286111AA1075A001495E2 /* Release */ = {
			isa = XCBuildConfiguration;
			buildSettings = {
				ASSETCATALOG_COMPILER_APPICON_NAME = AppIcon;
				FRAMEWORK_SEARCH_PATHS = (
					"$(SRCROOT)",
					/Users/vincentlee/Desktop,
					"$(PROJECT_DIR)/TestShop",
				);
				INFOPLIST_FILE = TestShop/Info.plist;
				LD_RUNPATH_SEARCH_PATHS = "$(inherited) @executable_path/Frameworks";
				LIBRARY_SEARCH_PATHS = (
					"$(inherited)",
					/Users/vincentlee/Downloads/GoogleAnalyticsServicesiOS_3.10,
					"$(PROJECT_DIR)/TestShop",
				);
				PRODUCT_NAME = "$(TARGET_NAME)";
			};
			name = Release;
		};
		630286131AA1075A001495E2 /* Debug */ = {
			isa = XCBuildConfiguration;
			buildSettings = {
				BUNDLE_LOADER = "$(TEST_HOST)";
				FRAMEWORK_SEARCH_PATHS = (
					"$(SDKROOT)/Developer/Library/Frameworks",
					"$(inherited)",
				);
				GCC_PREPROCESSOR_DEFINITIONS = (
					"DEBUG=1",
					"$(inherited)",
				);
				INFOPLIST_FILE = TestShopTests/Info.plist;
				LD_RUNPATH_SEARCH_PATHS = "$(inherited) @executable_path/Frameworks @loader_path/Frameworks";
				PRODUCT_NAME = "$(TARGET_NAME)";
				TEST_HOST = "$(BUILT_PRODUCTS_DIR)/TestShop.app/TestShop";
			};
			name = Debug;
		};
		630286141AA1075A001495E2 /* Release */ = {
			isa = XCBuildConfiguration;
			buildSettings = {
				BUNDLE_LOADER = "$(TEST_HOST)";
				FRAMEWORK_SEARCH_PATHS = (
					"$(SDKROOT)/Developer/Library/Frameworks",
					"$(inherited)",
				);
				INFOPLIST_FILE = TestShopTests/Info.plist;
				LD_RUNPATH_SEARCH_PATHS = "$(inherited) @executable_path/Frameworks @loader_path/Frameworks";
				PRODUCT_NAME = "$(TARGET_NAME)";
				TEST_HOST = "$(BUILT_PRODUCTS_DIR)/TestShop.app/TestShop";
			};
			name = Release;
		};
/* End XCBuildConfiguration section */

/* Begin XCConfigurationList section */
		630285E71AA1075A001495E2 /* Build configuration list for PBXProject "TestShop" */ = {
			isa = XCConfigurationList;
			buildConfigurations = (
				6302860D1AA1075A001495E2 /* Debug */,
				6302860E1AA1075A001495E2 /* Release */,
			);
			defaultConfigurationIsVisible = 0;
			defaultConfigurationName = Release;
		};
		6302860F1AA1075A001495E2 /* Build configuration list for PBXNativeTarget "TestShop" */ = {
			isa = XCConfigurationList;
			buildConfigurations = (
				630286101AA1075A001495E2 /* Debug */,
				630286111AA1075A001495E2 /* Release */,
			);
			defaultConfigurationIsVisible = 0;
			defaultConfigurationName = Release;
		};
		630286121AA1075A001495E2 /* Build configuration list for PBXNativeTarget "TestShopTests" */ = {
			isa = XCConfigurationList;
			buildConfigurations = (
				630286131AA1075A001495E2 /* Debug */,
				630286141AA1075A001495E2 /* Release */,
			);
			defaultConfigurationIsVisible = 0;
			defaultConfigurationName = Release;
		};
/* End XCConfigurationList section */
	};
	rootObject = 630285E41AA1075A001495E2 /* Project object */;
}
